
Microsoft Visual Studio Solution File, Format Version 12.00
# Visual Studio Version 17
VisualStudioVersion = 17.7.34024.191
MinimumVisualStudioVersion = 10.0.40219.1
Project("{FAE04EC0-301F-11D3-BF4B-00C04F79EFBC}") = "ChatForm", "ChatForm.csproj", "{393B0A41-9C0C-436F-BE8B-19BC062D4D5B}"
EndProject
Global
	GlobalSection(SolutionConfigurationPlatforms) = preSolution
		Debug|Any CPU = Debug|Any CPU
		Release|Any CPU = Release|Any CPU
	EndGlobalSection
	GlobalSection(ProjectConfigurationPlatforms) = postSolution
		{393B0A41-9C0C-436F-BE8B-19BC062D4D5B}.Debug|Any CPU.ActiveCfg = Debug|Any CPU
		{393B0A41-9C0C-436F-BE8B-19BC062D4D5B}.Debug|Any CPU.Build.0 = Debug|Any CPU
		{393B0A41-9C0C-436F-BE8B-19BC062D4D5B}.Release|Any CPU.ActiveCfg = Release|Any CPU
		{393B0A41-9C0C-436F-BE8B-19BC062D4D5B}.Release|Any CPU.Build.0 = Release|Any CPU
	EndGlobalSection
	GlobalSection(SolutionProperties) = preSolution
		HideSolutionNode = FALSE
	EndGlobalSection
	GlobalSection(ExtensibilityGlobals) = postSolution
		SolutionGuid = {691C3EA6-F25A-43F8-A772-2D9B0722B4CD}
	EndGlobalSection
EndGlobal
